
Microsoft Visual Studio Solution File, Format Version 12.00
# Visual Studio Version 17
VisualStudioVersion = 17.2.32519.379
MinimumVisualStudioVersion = 10.0.40219.1
Project("{FAE04EC0-301F-11D3-BF4B-00C04F79EFBC}") = "Conso_API_Gami_ASP.DAL", "Conso_API_Gami_ASP.DAL\Conso_API_Gami_ASP.DAL.csproj", "{88C06CEC-75FC-4C0B-9082-91D6010BF4C6}"
EndProject
Project("{9A19103F-16F7-4668-BE54-9A1E7A4F7556}") = "Demo_ASP_MVC_Modele.WebApp", "Demo_ASP_MVC_Modele.WebApp\Demo_ASP_MVC_Modele.WebApp.csproj", "{286CAA48-261D-4D27-901E-674804610431}"
EndProject
Global
	GlobalSection(SolutionConfigurationPlatforms) = preSolution
		Debug|Any CPU = Debug|Any CPU
		Release|Any CPU = Release|Any CPU
	EndGlobalSection
	GlobalSection(ProjectConfigurationPlatforms) = postSolution
		{88C06CEC-75FC-4C0B-9082-91D6010BF4C6}.Debug|Any CPU.ActiveCfg = Debug|Any CPU
		{88C06CEC-75FC-4C0B-9082-91D6010BF4C6}.Debug|Any CPU.Build.0 = Debug|Any CPU
		{88C06CEC-75FC-4C0B-9082-91D6010BF4C6}.Release|Any CPU.ActiveCfg = Release|Any CPU
		{88C06CEC-75FC-4C0B-9082-91D6010BF4C6}.Release|Any CPU.Build.0 = Release|Any CPU
		{286CAA48-261D-4D27-901E-674804610431}.Debug|Any CPU.ActiveCfg = Debug|Any CPU
		{286CAA48-261D-4D27-901E-674804610431}.Debug|Any CPU.Build.0 = Debug|Any CPU
		{286CAA48-261D-4D27-901E-674804610431}.Release|Any CPU.ActiveCfg = Release|Any CPU
		{286CAA48-261D-4D27-901E-674804610431}.Release|Any CPU.Build.0 = Release|Any CPU
	EndGlobalSection
	GlobalSection(SolutionProperties) = preSolution
		HideSolutionNode = FALSE
	EndGlobalSection
	GlobalSection(ExtensibilityGlobals) = postSolution
		SolutionGuid = {3B2FC64E-EED3-4FEF-B30E-26ADAC787EC3}
	EndGlobalSection
EndGlobal
